// !$*UTF8*$!
{
	archiveVersion = 1;
	classes = {
	};
	objectVersion = 56;
	objects = {

/* Begin PBXBuildFile section */
		C72F27E12BA18BBB0023A5DF /* AppDelegate.swift in Sources */ = {isa = PBXBuildFile; fileRef = C72F27E02BA18BBB0023A5DF /* AppDelegate.swift */; };
		C72F27E32BA18BBB0023A5DF /* SceneDelegate.swift in Sources */ = {isa = PBXBuildFile; fileRef = C72F27E22BA18BBB0023A5DF /* SceneDelegate.swift */; };
		C72F27E52BA18BBB0023A5DF /* ViewController.swift in Sources */ = {isa = PBXBuildFile; fileRef = C72F27E42BA18BBB0023A5DF /* ViewController.swift */; };
		C72F27E82BA18BBB0023A5DF /* Main.storyboard in Resources */ = {isa = PBXBuildFile; fileRef = C72F27E62BA18BBB0023A5DF /* Main.storyboard */; };
		C72F27EA2BA18BBD0023A5DF /* Assets.xcassets in Resources */ = {isa = PBXBuildFile; fileRef = C72F27E92BA18BBD0023A5DF /* Assets.xcassets */; };
		C72F27ED2BA18BBD0023A5DF /* LaunchScreen.storyboard in Resources */ = {isa = PBXBuildFile; fileRef = C72F27EB2BA18BBD0023A5DF /* LaunchScreen.storyboard */; };
		C72F27F82BA18BBD0023A5DF /* SubProjectTests.swift in Sources */ = {isa = PBXBuildFile; fileRef = C72F27F72BA18BBD0023A5DF /* SubProjectTests.swift */; };
		C72F28022BA18BBD0023A5DF /* SubProjectUITests.swift in Sources */ = {isa = PBXBuildFile; fileRef = C72F28012BA18BBD0023A5DF /* SubProjectUITests.swift */; };
		C72F28042BA18BBD0023A5DF /* SubProjectUITestsLaunchTests.swift in Sources */ = {isa = PBXBuildFile; fileRef = C72F28032BA18BBD0023A5DF /* SubProjectUITestsLaunchTests.swift */; };
/* End PBXBuildFile section */

/* Begin PBXContainerItemProxy section */
		C72F27F42BA18BBD0023A5DF /* PBXContainerItemProxy */ = {
			isa = PBXContainerItemProxy;
			containerPortal = C72F27D52BA18BBB0023A5DF /* Project object */;
			proxyType = 1;
			remoteGlobalIDString = C72F27DC2BA18BBB0023A5DF;
			remoteInfo = SubProject;
		};
		C72F27FE2BA18BBD0023A5DF /* PBXContainerItemProxy */ = {
			isa = PBXContainerItemProxy;
			containerPortal = C72F27D52BA18BBB0023A5DF /* Project object */;
			proxyType = 1;
			remoteGlobalIDString = C72F27DC2BA18BBB0023A5DF;
			remoteInfo = SubProject;
		};
/* End PBXContainerItemProxy section */

/* Begin PBXFileReference section */
		C72F27DD2BA18BBB0023A5DF /* SubProject.app */ = {isa = PBXFileReference; explicitFileType = wrapper.application; includeInIndex = 0; path = SubProject.app; sourceTree = BUILT_PRODUCTS_DIR; };
		C72F27E02BA18BBB0023A5DF /* AppDelegate.swift */ = {isa = PBXFileReference; lastKnownFileType = sourcecode.swift; path = AppDelegate.swift; sourceTree = "<group>"; };
		C72F27E22BA18BBB0023A5DF /* SceneDelegate.swift */ = {isa = PBXFileReference; lastKnownFileType = sourcecode.swift; path = SceneDelegate.swift; sourceTree = "<group>"; };
		C72F27E42BA18BBB0023A5DF /* ViewController.swift */ = {isa = PBXFileReference; lastKnownFileType = sourcecode.swift; path = ViewController.swift; sourceTree = "<group>"; };
		C72F27E72BA18BBB0023A5DF /* Base */ = {isa = PBXFileReference; lastKnownFileType = file.storyboard; name = Base; path = Base.lproj/Main.storyboard; sourceTree = "<group>"; };
		C72F27E92BA18BBD0023A5DF /* Assets.xcassets */ = {isa = PBXFileReference; lastKnownFileType = folder.assetcatalog; path = Assets.xcassets; sourceTree = "<group>"; };
		C72F27EC2BA18BBD0023A5DF /* Base */ = {isa = PBXFileReference; lastKnownFileType = file.storyboard; name = Base; path = Base.lproj/LaunchScreen.storyboard; sourceTree = "<group>"; };
		C72F27EE2BA18BBD0023A5DF /* Info.plist */ = {isa = PBXFileReference; lastKnownFileType = text.plist.xml; path = Info.plist; sourceTree = "<group>"; };
		C72F27F32BA18BBD0023A5DF /* SubProjectTests.xctest */ = {isa = PBXFileReference; explicitFileType = wrapper.cfbundle; includeInIndex = 0; path = SubProjectTests.xctest; sourceTree = BUILT_PRODUCTS_DIR; };
		C72F27F72BA18BBD0023A5DF /* SubProjectTests.swift */ = {isa = PBXFileReference; lastKnownFileType = sourcecode.swift; path = SubProjectTests.swift; sourceTree = "<group>"; };
		C72F27FD2BA18BBD0023A5DF /* SubProjectUITests.xctest */ = {isa = PBXFileReference; explicitFileType = wrapper.cfbundle; includeInIndex = 0; path = SubProjectUITests.xctest; sourceTree = BUILT_PRODUCTS_DIR; };
		C72F28012BA18BBD0023A5DF /* SubProjectUITests.swift */ = {isa = PBXFileReference; lastKnownFileType = sourcecode.swift; path = SubProjectUITests.swift; sourceTree = "<group>"; };
		C72F28032BA18BBD0023A5DF /* SubProjectUITestsLaunchTests.swift */ = {isa = PBXFileReference; lastKnownFileType = sourcecode.swift; path = SubProjectUITestsLaunchTests.swift; sourceTree = "<group>"; };
/* End PBXFileReference section */

/* Begin PBXFrameworksBuildPhase section */
		C72F27DA2BA18BBB0023A5DF /* Frameworks */ = {
			isa = PBXFrameworksBuildPhase;
			buildActionMask = 2147483647;
			files = (
			);
			runOnlyForDeploymentPostprocessing = 0;
		};
		C72F27F02BA18BBD0023A5DF /* Frameworks */ = {
			isa = PBXFrameworksBuildPhase;
			buildActionMask = 2147483647;
			files = (
			);
			runOnlyForDeploymentPostprocessing = 0;
		};
		C72F27FA2BA18BBD0023A5DF /* Frameworks */ = {
			isa = PBXFrameworksBuildPhase;
			buildActionMask = 2147483647;
			files = (
			);
			runOnlyForDeploymentPostprocessing = 0;
		};
/* End PBXFrameworksBuildPhase section */

/* Begin PBXGroup section */
		C72F27D42BA18BBB0023A5DF = {
			isa = PBXGroup;
			children = (
				C72F27DF2BA18BBB0023A5DF /* SubProject */,
				C72F27F62BA18BBD0023A5DF /* SubProjectTests */,
				C72F28002BA18BBD0023A5DF /* SubProjectUITests */,
				C72F27DE2BA18BBB0023A5DF /* Products */,
			);
			sourceTree = "<group>";
		};
		C72F27DE2BA18BBB0023A5DF /* Products */ = {
			isa = PBXGroup;
			children = (
				C72F27DD2BA18BBB0023A5DF /* SubProject.app */,
				C72F27F32BA18BBD0023A5DF /* SubProjectTests.xctest */,
				C72F27FD2BA18BBD0023A5DF /* SubProjectUITests.xctest */,
			);
			name = Products;
			sourceTree = "<group>";
		};
		C72F27DF2BA18BBB0023A5DF /* SubProject */ = {
			isa = PBXGroup;
			children = (
				C72F27E02BA18BBB0023A5DF /* AppDelegate.swift */,
				C72F27E22BA18BBB0023A5DF /* SceneDelegate.swift */,
				C72F27E42BA18BBB0023A5DF /* ViewController.swift */,
				C72F27E62BA18BBB0023A5DF /* Main.storyboard */,
				C72F27E92BA18BBD0023A5DF /* Assets.xcassets */,
				C72F27EB2BA18BBD0023A5DF /* LaunchScreen.storyboard */,
				C72F27EE2BA18BBD0023A5DF /* Info.plist */,
			);
			path = SubProject;
			sourceTree = "<group>";
		};
		C72F27F62BA18BBD0023A5DF /* SubProjectTests */ = {
			isa = PBXGroup;
			children = (
				C72F27F72BA18BBD0023A5DF /* SubProjectTests.swift */,
			);
			path = SubProjectTests;
			sourceTree = "<group>";
		};
		C72F28002BA18BBD0023A5DF /* SubProjectUITests */ = {
			isa = PBXGroup;
			children = (
				C72F28012BA18BBD0023A5DF /* SubProjectUITests.swift */,
				C72F28032BA18BBD0023A5DF /* SubProjectUITestsLaunchTests.swift */,
			);
			path = SubProjectUITests;
			sourceTree = "<group>";
		};
/* End PBXGroup section */

/* Begin PBXNativeTarget section */
		C72F27DC2BA18BBB0023A5DF /* SubProject */ = {
			isa = PBXNativeTarget;
			buildConfigurationList = C72F28072BA18BBD0023A5DF /* Build configuration list for PBXNativeTarget "SubProject" */;
			buildPhases = (
				C72F27D92BA18BBB0023A5DF /* Sources */,
				C72F27DA2BA18BBB0023A5DF /* Frameworks */,
				C72F27DB2BA18BBB0023A5DF /* Resources */,
			);
			buildRules = (
			);
			dependencies = (
			);
			name = SubProject;
			productName = SubProject;
			productReference = C72F27DD2BA18BBB0023A5DF /* SubProject.app */;
			productType = "com.apple.product-type.application";
		};
		C72F27F22BA18BBD0023A5DF /* SubProjectTests */ = {
			isa = PBXNativeTarget;
			buildConfigurationList = C72F280A2BA18BBD0023A5DF /* Build configuration list for PBXNativeTarget "SubProjectTests" */;
			buildPhases = (
				C72F27EF2BA18BBD0023A5DF /* Sources */,
				C72F27F02BA18BBD0023A5DF /* Frameworks */,
				C72F27F12BA18BBD0023A5DF /* Resources */,
			);
			buildRules = (
			);
			dependencies = (
				C72F27F52BA18BBD0023A5DF /* PBXTargetDependency */,
			);
			name = SubProjectTests;
			productName = SubProjectTests;
			productReference = C72F27F32BA18BBD0023A5DF /* SubProjectTests.xctest */;
			productType = "com.apple.product-type.bundle.unit-test";
		};
		C72F27FC2BA18BBD0023A5DF /* SubProjectUITests */ = {
			isa = PBXNativeTarget;
			buildConfigurationList = C72F280D2BA18BBD0023A5DF /* Build configuration list for PBXNativeTarget "SubProjectUITests" */;
			buildPhases = (
				C72F27F92BA18BBD0023A5DF /* Sources */,
				C72F27FA2BA18BBD0023A5DF /* Frameworks */,
				C72F27FB2BA18BBD0023A5DF /* Resources */,
			);
			buildRules = (
			);
			dependencies = (
				C72F27FF2BA18BBD0023A5DF /* PBXTargetDependency */,
			);
			name = SubProjectUITests;
			productName = SubProjectUITests;
			productReference = C72F27FD2BA18BBD0023A5DF /* SubProjectUITests.xctest */;
			productType = "com.apple.product-type.bundle.ui-testing";
		};
/* End PBXNativeTarget section */

/* Begin PBXProject section */
		C72F27D52BA18BBB0023A5DF /* Project object */ = {
			isa = PBXProject;
			attributes = {
				BuildIndependentTargetsInParallel = 1;
				LastSwiftUpdateCheck = 1520;
				LastUpgradeCheck = 1520;
				TargetAttributes = {
					C72F27DC2BA18BBB0023A5DF = {
						CreatedOnToolsVersion = 15.2;
					};
					C72F27F22BA18BBD0023A5DF = {
						CreatedOnToolsVersion = 15.2;
						TestTargetID = C72F27DC2BA18BBB0023A5DF;
					};
					C72F27FC2BA18BBD0023A5DF = {
						CreatedOnToolsVersion = 15.2;
						TestTargetID = C72F27DC2BA18BBB0023A5DF;
					};
				};
			};
			buildConfigurationList = C72F27D82BA18BBB0023A5DF /* Build configuration list for PBXProject "SubProject" */;
			compatibilityVersion = "Xcode 14.0";
			developmentRegion = en;
			hasScannedForEncodings = 0;
			knownRegions = (
				en,
				Base,
			);
			mainGroup = C72F27D42BA18BBB0023A5DF;
			productRefGroup = C72F27DE2BA18BBB0023A5DF /* Products */;
			projectDirPath = "";
			projectRoot = "";
			targets = (
				C72F27DC2BA18BBB0023A5DF /* SubProject */,
				C72F27F22BA18BBD0023A5DF /* SubProjectTests */,
				C72F27FC2BA18BBD0023A5DF /* SubProjectUITests */,
			);
		};
/* End PBXProject section */

/* Begin PBXResourcesBuildPhase section */
		C72F27DB2BA18BBB0023A5DF /* Resources */ = {
			isa = PBXResourcesBuildPhase;
			buildActionMask = 2147483647;
			files = (
				C72F27ED2BA18BBD0023A5DF /* LaunchScreen.storyboard in Resources */,
				C72F27EA2BA18BBD0023A5DF /* Assets.xcassets in Resources */,
				C72F27E82BA18BBB0023A5DF /* Main.storyboard in Resources */,
			);
			runOnlyForDeploymentPostprocessing = 0;
		};
		C72F27F12BA18BBD0023A5DF /* Resources */ = {
			isa = PBXResourcesBuildPhase;
			buildActionMask = 2147483647;
			files = (
			);
			runOnlyForDeploymentPostprocessing = 0;
		};
		C72F27FB2BA18BBD0023A5DF /* Resources */ = {
			isa = PBXResourcesBuildPhase;
			buildActionMask = 2147483647;
			files = (
			);
			runOnlyForDeploymentPostprocessing = 0;
		};
/* End PBXResourcesBuildPhase section */

/* Begin PBXSourcesBuildPhase section */
		C72F27D92BA18BBB0023A5DF /* Sources */ = {
			isa = PBXSourcesBuildPhase;
			buildActionMask = 2147483647;
			files = (
				C72F27E52BA18BBB0023A5DF /* ViewController.swift in Sources */,
				C72F27E12BA18BBB0023A5DF /* AppDelegate.swift in Sources */,
				C72F27E32BA18BBB0023A5DF /* SceneDelegate.swift in Sources */,
			);
			runOnlyForDeploymentPostprocessing = 0;
		};
		C72F27EF2BA18BBD0023A5DF /* Sources */ = {
			isa = PBXSourcesBuildPhase;
			buildActionMask = 2147483647;
			files = (
				C72F27F82BA18BBD0023A5DF /* SubProjectTests.swift in Sources */,
			);
			runOnlyForDeploymentPostprocessing = 0;
		};
		C72F27F92BA18BBD0023A5DF /* Sources */ = {
			isa = PBXSourcesBuildPhase;
			buildActionMask = 2147483647;
			files = (
				C72F28022BA18BBD0023A5DF /* SubProjectUITests.swift in Sources */,
				C72F28042BA18BBD0023A5DF /* SubProjectUITestsLaunchTests.swift in Sources */,
			);
			runOnlyForDeploymentPostprocessing = 0;
		};
/* End PBXSourcesBuildPhase section */

/* Begin PBXTargetDependency section */
		C72F27F52BA18BBD0023A5DF /* PBXTargetDependency */ = {
			isa = PBXTargetDependency;
			target = C72F27DC2BA18BBB0023A5DF /* SubProject */;
			targetProxy = C72F27F42BA18BBD0023A5DF /* PBXContainerItemProxy */;
		};
		C72F27FF2BA18BBD0023A5DF /* PBXTargetDependency */ = {
			isa = PBXTargetDependency;
			target = C72F27DC2BA18BBB0023A5DF /* SubProject */;
			targetProxy = C72F27FE2BA18BBD0023A5DF /* PBXContainerItemProxy */;
		};
/* End PBXTargetDependency section */

/* Begin PBXVariantGroup section */
		C72F27E62BA18BBB0023A5DF /* Main.storyboard */ = {
			isa = PBXVariantGroup;
			children = (
				C72F27E72BA18BBB0023A5DF /* Base */,
			);
			name = Main.storyboard;
			sourceTree = "<group>";
		};
		C72F27EB2BA18BBD0023A5DF /* LaunchScreen.storyboard */ = {
			isa = PBXVariantGroup;
			children = (
				C72F27EC2BA18BBD0023A5DF /* Base */,
			);
			name = LaunchScreen.storyboard;
			sourceTree = "<group>";
		};
/* End PBXVariantGroup section */

/* Begin XCBuildConfiguration section */
		C72F28052BA18BBD0023A5DF /* Debug */ = {
			isa = XCBuildConfiguration;
			buildSettings = {
				ALWAYS_SEARCH_USER_PATHS = NO;
				ASSETCATALOG_COMPILER_GENERATE_SWIFT_ASSET_SYMBOL_EXTENSIONS = YES;
				CLANG_ANALYZER_NONNULL = YES;
				CLANG_ANALYZER_NUMBER_OBJECT_CONVERSION = YES_AGGRESSIVE;
				CLANG_CXX_LANGUAGE_STANDARD = "gnu++20";
				CLANG_ENABLE_MODULES = YES;
				CLANG_ENABLE_OBJC_ARC = YES;
				CLANG_ENABLE_OBJC_WEAK = YES;
				CLANG_WARN_BLOCK_CAPTURE_AUTORELEASING = YES;
				CLANG_WARN_BOOL_CONVERSION = YES;
				CLANG_WARN_COMMA = YES;
				CLANG_WARN_CONSTANT_CONVERSION = YES;
				CLANG_WARN_DEPRECATED_OBJC_IMPLEMENTATIONS = YES;
				CLANG_WARN_DIRECT_OBJC_ISA_USAGE = YES_ERROR;
				CLANG_WARN_DOCUMENTATION_COMMENTS = YES;
				CLANG_WARN_EMPTY_BODY = YES;
				CLANG_WARN_ENUM_CONVERSION = YES;
				CLANG_WARN_INFINITE_RECURSION = YES;
				CLANG_WARN_INT_CONVERSION = YES;
				CLANG_WARN_NON_LITERAL_NULL_CONVERSION = YES;
				CLANG_WARN_OBJC_IMPLICIT_RETAIN_SELF = YES;
				CLANG_WARN_OBJC_LITERAL_CONVERSION = YES;
				CLANG_WARN_OBJC_ROOT_CLASS = YES_ERROR;
				CLANG_WARN_QUOTED_INCLUDE_IN_FRAMEWORK_HEADER = YES;
				CLANG_WARN_RANGE_LOOP_ANALYSIS = YES;
				CLANG_WARN_STRICT_PROTOTYPES = YES;
				CLANG_WARN_SUSPICIOUS_MOVE = YES;
				CLANG_WARN_UNGUARDED_AVAILABILITY = YES_AGGRESSIVE;
				CLANG_WARN_UNREACHABLE_CODE = YES;
				CLANG_WARN__DUPLICATE_METHOD_MATCH = YES;
				COPY_PHASE_STRIP = NO;
				DEBUG_INFORMATION_FORMAT = dwarf;
				ENABLE_STRICT_OBJC_MSGSEND = YES;
				ENABLE_TESTABILITY = YES;
				ENABLE_USER_SCRIPT_SANDBOXING = YES;
				GCC_C_LANGUAGE_STANDARD = gnu17;
				GCC_DYNAMIC_NO_PIC = NO;
				GCC_NO_COMMON_BLOCKS = YES;
				GCC_OPTIMIZATION_LEVEL = 0;
				GCC_PREPROCESSOR_DEFINITIONS = (
					"DEBUG=1",
					"$(inherited)",
				);
				GCC_WARN_64_TO_32_BIT_CONVERSION = YES;
				GCC_WARN_ABOUT_RETURN_TYPE = YES_ERROR;
				GCC_WARN_UNDECLARED_SELECTOR = YES;
				GCC_WARN_UNINITIALIZED_AUTOS = YES_AGGRESSIVE;
				GCC_WARN_UNUSED_FUNCTION = YES;
				GCC_WARN_UNUSED_VARIABLE = YES;
				IPHONEOS_DEPLOYMENT_TARGET = 17.2;
				LOCALIZATION_PREFERS_STRING_CATALOGS = YES;
				MTL_ENABLE_DEBUG_INFO = INCLUDE_SOURCE;
				MTL_FAST_MATH = YES;
				ONLY_ACTIVE_ARCH = YES;
				SDKROOT = iphoneos;
				SWIFT_ACTIVE_COMPILATION_CONDITIONS = "DEBUG $(inherited)";
				SWIFT_OPTIMIZATION_LEVEL = "-Onone";
			};
			name = Debug;
		};
		C72F28062BA18BBD0023A5DF /* Release */ = {
			isa = XCBuildConfiguration;
			buildSettings = {
				ALWAYS_SEARCH_USER_PATHS = NO;
				ASSETCATALOG_COMPILER_GENERATE_SWIFT_ASSET_SYMBOL_EXTENSIONS = YES;
				CLANG_ANALYZER_NONNULL = YES;
				CLANG_ANALYZER_NUMBER_OBJECT_CONVERSION = YES_AGGRESSIVE;
				CLANG_CXX_LANGUAGE_STANDARD = "gnu++20";
				CLANG_ENABLE_MODULES = YES;
				CLANG_ENABLE_OBJC_ARC = YES;
				CLANG_ENABLE_OBJC_WEAK = YES;
				CLANG_WARN_BLOCK_CAPTURE_AUTORELEASING = YES;
				CLANG_WARN_BOOL_CONVERSION = YES;
				CLANG_WARN_COMMA = YES;
				CLANG_WARN_CONSTANT_CONVERSION = YES;
				CLANG_WARN_DEPRECATED_OBJC_IMPLEMENTATIONS = YES;
				CLANG_WARN_DIRECT_OBJC_ISA_USAGE = YES_ERROR;
				CLANG_WARN_DOCUMENTATION_COMMENTS = YES;
				CLANG_WARN_EMPTY_BODY = YES;
				CLANG_WARN_ENUM_CONVERSION = YES;
				CLANG_WARN_INFINITE_RECURSION = YES;
				CLANG_WARN_INT_CONVERSION = YES;
				CLANG_WARN_NON_LITERAL_NULL_CONVERSION = YES;
				CLANG_WARN_OBJC_IMPLICIT_RETAIN_SELF = YES;
				CLANG_WARN_OBJC_LITERAL_CONVERSION = YES;
				CLANG_WARN_OBJC_ROOT_CLASS = YES_ERROR;
				CLANG_WARN_QUOTED_INCLUDE_IN_FRAMEWORK_HEADER = YES;
				CLANG_WARN_RANGE_LOOP_ANALYSIS = YES;
				CLANG_WARN_STRICT_PROTOTYPES = YES;
				CLANG_WARN_SUSPICIOUS_MOVE = YES;
				CLANG_WARN_UNGUARDED_AVAILABILITY = YES_AGGRESSIVE;
				CLANG_WARN_UNREACHABLE_CODE = YES;
				CLANG_WARN__DUPLICATE_METHOD_MATCH = YES;
				COPY_PHASE_STRIP = NO;
				DEBUG_INFORMATION_FORMAT = "dwarf-with-dsym";
				ENABLE_NS_ASSERTIONS = NO;
				ENABLE_STRICT_OBJC_MSGSEND = YES;
				ENABLE_USER_SCRIPT_SANDBOXING = YES;
				GCC_C_LANGUAGE_STANDARD = gnu17;
				GCC_NO_COMMON_BLOCKS = YES;
				GCC_WARN_64_TO_32_BIT_CONVERSION = YES;
				GCC_WARN_ABOUT_RETURN_TYPE = YES_ERROR;
				GCC_WARN_UNDECLARED_SELECTOR = YES;
				GCC_WARN_UNINITIALIZED_AUTOS = YES_AGGRESSIVE;
				GCC_WARN_UNUSED_FUNCTION = YES;
				GCC_WARN_UNUSED_VARIABLE = YES;
				IPHONEOS_DEPLOYMENT_TARGET = 17.2;
				LOCALIZATION_PREFERS_STRING_CATALOGS = YES;
				MTL_ENABLE_DEBUG_INFO = NO;
				MTL_FAST_MATH = YES;
				SDKROOT = iphoneos;
				SWIFT_COMPILATION_MODE = wholemodule;
				VALIDATE_PRODUCT = YES;
			};
			name = Release;
		};
		C72F28082BA18BBD0023A5DF /* Debug */ = {
			isa = XCBuildConfiguration;
			buildSettings = {
				ASSETCATALOG_COMPILER_APPICON_NAME = AppIcon;
				ASSETCATALOG_COMPILER_GLOBAL_ACCENT_COLOR_NAME = AccentColor;
				CODE_SIGN_STYLE = Automatic;
				CURRENT_PROJECT_VERSION = 1;
				DEVELOPMENT_TEAM = VGWR98A2DD;
				GENERATE_INFOPLIST_FILE = YES;
				INFOPLIST_FILE = SubProject/Info.plist;
				INFOPLIST_KEY_UIApplicationSupportsIndirectInputEvents = YES;
				INFOPLIST_KEY_UILaunchStoryboardName = LaunchScreen;
				INFOPLIST_KEY_UIMainStoryboardFile = Main;
				INFOPLIST_KEY_UISupportedInterfaceOrientations_iPad = "UIInterfaceOrientationPortrait UIInterfaceOrientationPortraitUpsideDown UIInterfaceOrientationLandscapeLeft UIInterfaceOrientationLandscapeRight";
				INFOPLIST_KEY_UISupportedInterfaceOrientations_iPhone = "UIInterfaceOrientationPortrait UIInterfaceOrientationLandscapeLeft UIInterfaceOrientationLandscapeRight";
				LD_RUNPATH_SEARCH_PATHS = (
					"$(inherited)",
					"@executable_path/Frameworks",
				);
				MARKETING_VERSION = 1.0;
				PRODUCT_BUNDLE_IDENTIFIER = com.celleus.SubProject;
				PRODUCT_NAME = "$(TARGET_NAME)";
				SWIFT_EMIT_LOC_STRINGS = YES;
				SWIFT_VERSION = 5.0;
				TARGETED_DEVICE_FAMILY = "1,2";
			};
			name = Debug;
		};
		C72F28092BA18BBD0023A5DF /* Release */ = {
			isa = XCBuildConfiguration;
			buildSettings = {
				ASSETCATALOG_COMPILER_APPICON_NAME = AppIcon;
				ASSETCATALOG_COMPILER_GLOBAL_ACCENT_COLOR_NAME = AccentColor;
				CODE_SIGN_STYLE = Automatic;
				CURRENT_PROJECT_VERSION = 1;
				DEVELOPMENT_TEAM = VGWR98A2DD;
				GENERATE_INFOPLIST_FILE = YES;
				INFOPLIST_FILE = SubProject/Info.plist;
				INFOPLIST_KEY_UIApplicationSupportsIndirectInputEvents = YES;
				INFOPLIST_KEY_UILaunchStoryboardName = LaunchScreen;
				INFOPLIST_KEY_UIMainStoryboardFile = Main;
				INFOPLIST_KEY_UISupportedInterfaceOrientations_iPad = "UIInterfaceOrientationPortrait UIInterfaceOrientationPortraitUpsideDown UIInterfaceOrientationLandscapeLeft UIInterfaceOrientationLandscapeRight";
				INFOPLIST_KEY_UISupportedInterfaceOrientations_iPhone = "UIInterfaceOrientationPortrait UIInterfaceOrientationLandscapeLeft UIInterfaceOrientationLandscapeRight";
				LD_RUNPATH_SEARCH_PATHS = (
					"$(inherited)",
					"@executable_path/Frameworks",
				);
				MARKETING_VERSION = 1.0;
				PRODUCT_BUNDLE_IDENTIFIER = com.celleus.SubProject;
				PRODUCT_NAME = "$(TARGET_NAME)";
				SWIFT_EMIT_LOC_STRINGS = YES;
				SWIFT_VERSION = 5.0;
				TARGETED_DEVICE_FAMILY = "1,2";
			};
			name = Release;
		};
		C72F280B2BA18BBD0023A5DF /* Debug */ = {
			isa = XCBuildConfiguration;
			buildSettings = {
				ALWAYS_EMBED_SWIFT_STANDARD_LIBRARIES = YES;
				BUNDLE_LOADER = "$(TEST_HOST)";
				CODE_SIGN_STYLE = Automatic;
				CURRENT_PROJECT_VERSION = 1;
				DEVELOPMENT_TEAM = VGWR98A2DD;
				GENERATE_INFOPLIST_FILE = YES;
				IPHONEOS_DEPLOYMENT_TARGET = 17.2;
				MARKETING_VERSION = 1.0;
				PRODUCT_BUNDLE_IDENTIFIER = com.celleus.SubProjectTests;
				PRODUCT_NAME = "$(TARGET_NAME)";
				SWIFT_EMIT_LOC_STRINGS = NO;
				SWIFT_VERSION = 5.0;
				TARGETED_DEVICE_FAMILY = "1,2";
				TEST_HOST = "$(BUILT_PRODUCTS_DIR)/SubProject.app/$(BUNDLE_EXECUTABLE_FOLDER_PATH)/SubProject";
			};
			name = Debug;
		};
		C72F280C2BA18BBD0023A5DF /* Release */ = {
			isa = XCBuildConfiguration;
			buildSettings = {
				ALWAYS_EMBED_SWIFT_STANDARD_LIBRARIES = YES;
				BUNDLE_LOADER = "$(TEST_HOST)";
				CODE_SIGN_STYLE = Automatic;
				CURRENT_PROJECT_VERSION = 1;
				DEVELOPMENT_TEAM = VGWR98A2DD;
				GENERATE_INFOPLIST_FILE = YES;
				IPHONEOS_DEPLOYMENT_TARGET = 17.2;
				MARKETING_VERSION = 1.0;
				PRODUCT_BUNDLE_IDENTIFIER = com.celleus.SubProjectTests;
				PRODUCT_NAME = "$(TARGET_NAME)";
				SWIFT_EMIT_LOC_STRINGS = NO;
				SWIFT_VERSION = 5.0;
				TARGETED_DEVICE_FAMILY = "1,2";
				TEST_HOST = "$(BUILT_PRODUCTS_DIR)/SubProject.app/$(BUNDLE_EXECUTABLE_FOLDER_PATH)/SubProject";
			};
			name = Release;
		};
		C72F280E2BA18BBD0023A5DF /* Debug */ = {
			isa = XCBuildConfiguration;
			buildSettings = {
				ALWAYS_EMBED_SWIFT_STANDARD_LIBRARIES = YES;
				CODE_SIGN_STYLE = Automatic;
				CURRENT_PROJECT_VERSION = 1;
				DEVELOPMENT_TEAM = VGWR98A2DD;
				GENERATE_INFOPLIST_FILE = YES;
				MARKETING_VERSION = 1.0;
				PRODUCT_BUNDLE_IDENTIFIER = com.celleus.SubProjectUITests;
				PRODUCT_NAME = "$(TARGET_NAME)";
				SWIFT_EMIT_LOC_STRINGS = NO;
				SWIFT_VERSION = 5.0;
				TARGETED_DEVICE_FAMILY = "1,2";
				TEST_TARGET_NAME = SubProject;
			};
			name = Debug;
		};
		C72F280F2BA18BBD0023A5DF /* Release */ = {
			isa = XCBuildConfiguration;
			buildSettings = {
				ALWAYS_EMBED_SWIFT_STANDARD_LIBRARIES = YES;
				CODE_SIGN_STYLE = Automatic;
				CURRENT_PROJECT_VERSION = 1;
				DEVELOPMENT_TEAM = VGWR98A2DD;
				GENERATE_INFOPLIST_FILE = YES;
				MARKETING_VERSION = 1.0;
				PRODUCT_BUNDLE_IDENTIFIER = com.celleus.SubProjectUITests;
				PRODUCT_NAME = "$(TARGET_NAME)";
				SWIFT_EMIT_LOC_STRINGS = NO;
				SWIFT_VERSION = 5.0;
				TARGETED_DEVICE_FAMILY = "1,2";
				TEST_TARGET_NAME = SubProject;
			};
			name = Release;
		};
/* End XCBuildConfiguration section */

/* Begin XCConfigurationList section */
		C72F27D82BA18BBB0023A5DF /* Build configuration list for PBXProject "SubProject" */ = {
			isa = XCConfigurationList;
			buildConfigurations = (
				C72F28052BA18BBD0023A5DF /* Debug */,
				C72F28062BA18BBD0023A5DF /* Release */,
			);
			defaultConfigurationIsVisible = 0;
			defaultConfigurationName = Release;
		};
		C72F28072BA18BBD0023A5DF /* Build configuration list for PBXNativeTarget "SubProject" */ = {
			isa = XCConfigurationList;
			buildConfigurations = (
				C72F28082BA18BBD0023A5DF /* Debug */,
				C72F28092BA18BBD0023A5DF /* Release */,
			);
			defaultConfigurationIsVisible = 0;
			defaultConfigurationName = Release;
		};
		C72F280A2BA18BBD0023A5DF /* Build configuration list for PBXNativeTarget "SubProjectTests" */ = {
			isa = XCConfigurationList;
			buildConfigurations = (
				C72F280B2BA18BBD0023A5DF /* Debug */,
				C72F280C2BA18BBD0023A5DF /* Release */,
			);
			defaultConfigurationIsVisible = 0;
			defaultConfigurationName = Release;
		};
		C72F280D2BA18BBD0023A5DF /* Build configuration list for PBXNativeTarget "SubProjectUITests" */ = {
			isa = XCConfigurationList;
			buildConfigurations = (
				C72F280E2BA18BBD0023A5DF /* Debug */,
				C72F280F2BA18BBD0023A5DF /* Release */,
			);
			defaultConfigurationIsVisible = 0;
			defaultConfigurationName = Release;
		};
/* End XCConfigurationList section */
	};
	rootObject = C72F27D52BA18BBB0023A5DF /* Project object */;
}
